
Microsoft Visual Studio Solution File, Format Version 12.00
# Visual Studio Version 16
VisualStudioVersion = 16.0.30523.141
MinimumVisualStudioVersion = 10.0.40219.1
Project("{9A19103F-16F7-4668-BE54-9A1E7A4F7556}") = "Aminer", "Aminer\Aminer.csproj", "{C4A5B454-E714-4F51-8484-725A8ADC51A1}"
EndProject
Project("{FAE04EC0-301F-11D3-BF4B-00C04F79EFBC}") = "Database", "Database\Database.csproj", "{D95A77D7-4E8A-4720-BCE5-B568F1ED5303}"
EndProject
Global
	GlobalSection(SolutionConfigurationPlatforms) = preSolution
		Debug|Any CPU = Debug|Any CPU
		Release|Any CPU = Release|Any CPU
	EndGlobalSection
	GlobalSection(ProjectConfigurationPlatforms) = postSolution
		{C4A5B454-E714-4F51-8484-725A8ADC51A1}.Debug|Any CPU.ActiveCfg = Debug|Any CPU
		{C4A5B454-E714-4F51-8484-725A8ADC51A1}.Debug|Any CPU.Build.0 = Debug|Any CPU
		{C4A5B454-E714-4F51-8484-725A8ADC51A1}.Release|Any CPU.ActiveCfg = Release|Any CPU
		{C4A5B454-E714-4F51-8484-725A8ADC51A1}.Release|Any CPU.Build.0 = Release|Any CPU
		{D95A77D7-4E8A-4720-BCE5-B568F1ED5303}.Debug|Any CPU.ActiveCfg = Debug|Any CPU
		{D95A77D7-4E8A-4720-BCE5-B568F1ED5303}.Debug|Any CPU.Build.0 = Debug|Any CPU
		{D95A77D7-4E8A-4720-BCE5-B568F1ED5303}.Release|Any CPU.ActiveCfg = Release|Any CPU
		{D95A77D7-4E8A-4720-BCE5-B568F1ED5303}.Release|Any CPU.Build.0 = Release|Any CPU
	EndGlobalSection
	GlobalSection(SolutionProperties) = preSolution
		HideSolutionNode = FALSE
	EndGlobalSection
	GlobalSection(ExtensibilityGlobals) = postSolution
		SolutionGuid = {74DBA3D6-8E90-4C97-974F-616B6C6E8FC0}
	EndGlobalSection
EndGlobal
