
Microsoft Visual Studio Solution File, Format Version 12.00
# Visual Studio Version 16
VisualStudioVersion = 16.0.29920.165
MinimumVisualStudioVersion = 10.0.40219.1
Project("{9A19103F-16F7-4668-BE54-9A1E7A4F7556}") = "dblp.loader", "dblp.loader\dblp.loader.csproj", "{4AD9CC1C-D891-4CBE-8DDD-086B531B845A}"
EndProject
Project("{FAE04EC0-301F-11D3-BF4B-00C04F79EFBC}") = "title_cleaner", "title_cleaner\title_cleaner.csproj", "{7F141E61-4A7E-4D40-9369-DE618B0041D7}"
EndProject
Global
	GlobalSection(SolutionConfigurationPlatforms) = preSolution
		Debug|Any CPU = Debug|Any CPU
		Release|Any CPU = Release|Any CPU
	EndGlobalSection
	GlobalSection(ProjectConfigurationPlatforms) = postSolution
		{4AD9CC1C-D891-4CBE-8DDD-086B531B845A}.Debug|Any CPU.ActiveCfg = Debug|Any CPU
		{4AD9CC1C-D891-4CBE-8DDD-086B531B845A}.Debug|Any CPU.Build.0 = Debug|Any CPU
		{4AD9CC1C-D891-4CBE-8DDD-086B531B845A}.Release|Any CPU.ActiveCfg = Release|Any CPU
		{4AD9CC1C-D891-4CBE-8DDD-086B531B845A}.Release|Any CPU.Build.0 = Release|Any CPU
		{7F141E61-4A7E-4D40-9369-DE618B0041D7}.Debug|Any CPU.ActiveCfg = Debug|Any CPU
		{7F141E61-4A7E-4D40-9369-DE618B0041D7}.Debug|Any CPU.Build.0 = Debug|Any CPU
		{7F141E61-4A7E-4D40-9369-DE618B0041D7}.Release|Any CPU.ActiveCfg = Release|Any CPU
		{7F141E61-4A7E-4D40-9369-DE618B0041D7}.Release|Any CPU.Build.0 = Release|Any CPU
	EndGlobalSection
	GlobalSection(SolutionProperties) = preSolution
		HideSolutionNode = FALSE
	EndGlobalSection
	GlobalSection(ExtensibilityGlobals) = postSolution
		SolutionGuid = {DA6AC813-8C65-43E7-AD38-AD6D18615416}
	EndGlobalSection
EndGlobal
