
Microsoft Visual Studio Solution File, Format Version 12.00
# Visual Studio Version 16
VisualStudioVersion = 16.0.30804.86
MinimumVisualStudioVersion = 10.0.40219.1
Project("{9A19103F-16F7-4668-BE54-9A1E7A4F7556}") = "Elsevier.Sketch", "Elsevier.Sketch\Elsevier.Sketch.csproj", "{DCB9BBEE-5106-4705-B290-A9C1675A1A9C}"
EndProject
Project("{9A19103F-16F7-4668-BE54-9A1E7A4F7556}") = "Elsevier.DownloadArticleMetadata", "Elsevier.DownloadArticleMetadata\Elsevier.DownloadArticleMetadata.csproj", "{6E295133-064C-4713-B1F8-AC3DF4C64573}"
EndProject
Global
	GlobalSection(SolutionConfigurationPlatforms) = preSolution
		Debug|Any CPU = Debug|Any CPU
		Release|Any CPU = Release|Any CPU
	EndGlobalSection
	GlobalSection(ProjectConfigurationPlatforms) = postSolution
		{DCB9BBEE-5106-4705-B290-A9C1675A1A9C}.Debug|Any CPU.ActiveCfg = Debug|Any CPU
		{DCB9BBEE-5106-4705-B290-A9C1675A1A9C}.Debug|Any CPU.Build.0 = Debug|Any CPU
		{DCB9BBEE-5106-4705-B290-A9C1675A1A9C}.Release|Any CPU.ActiveCfg = Release|Any CPU
		{DCB9BBEE-5106-4705-B290-A9C1675A1A9C}.Release|Any CPU.Build.0 = Release|Any CPU
		{6E295133-064C-4713-B1F8-AC3DF4C64573}.Debug|Any CPU.ActiveCfg = Debug|Any CPU
		{6E295133-064C-4713-B1F8-AC3DF4C64573}.Debug|Any CPU.Build.0 = Debug|Any CPU
		{6E295133-064C-4713-B1F8-AC3DF4C64573}.Release|Any CPU.ActiveCfg = Release|Any CPU
		{6E295133-064C-4713-B1F8-AC3DF4C64573}.Release|Any CPU.Build.0 = Release|Any CPU
	EndGlobalSection
	GlobalSection(SolutionProperties) = preSolution
		HideSolutionNode = FALSE
	EndGlobalSection
	GlobalSection(ExtensibilityGlobals) = postSolution
		SolutionGuid = {3E44EE48-9BA5-42FA-BAFB-01963165B5C3}
	EndGlobalSection
EndGlobal
